// !$*UTF8*$!
{
	archiveVersion = 1;
	classes = {
	};
	objectVersion = 56;
	objects = {

/* Begin PBXBuildFile section */
		022089FDDC60604B2634145B /* Pods_Bazar.framework in Frameworks */ = {isa = PBXBuildFile; fileRef = 02F10F8A3C2430506DF8424D /* Pods_Bazar.framework */; };
		67124E722D4B6B7A000A683A /* OrderStatusViewController.swift in Sources */ = {isa = PBXBuildFile; fileRef = 67124E712D4B6B7A000A683A /* OrderStatusViewController.swift */; };
		67124E752D4B8BF3000A683A /* HelpCenterViewController.swift in Sources */ = {isa = PBXBuildFile; fileRef = 67124E742D4B8BF3000A683A /* HelpCenterViewController.swift */; };
		673C618D2D40E39A008AFA7B /* OpenSans-Bold.ttf in Resources */ = {isa = PBXBuildFile; fileRef = 673C618C2D40E39A008AFA7B /* OpenSans-Bold.ttf */; };
		673C618F2D40E3AB008AFA7B /* Roboto-BoldItalic.ttf in Resources */ = {isa = PBXBuildFile; fileRef = 673C618E2D40E3AB008AFA7B /* Roboto-BoldItalic.ttf */; };
		673C61912D40E3B5008AFA7B /* Roboto-Condensed.ttf in Resources */ = {isa = PBXBuildFile; fileRef = 673C61902D40E3B5008AFA7B /* Roboto-Condensed.ttf */; };
		673C61932D40E3BE008AFA7B /* Roboto-BoldCondensed.ttf in Resources */ = {isa = PBXBuildFile; fileRef = 673C61922D40E3BE008AFA7B /* Roboto-BoldCondensed.ttf */; };
		673C61952D40E3C9008AFA7B /* Roboto-Medium.ttf in Resources */ = {isa = PBXBuildFile; fileRef = 673C61942D40E3C9008AFA7B /* Roboto-Medium.ttf */; };
		673C61972D40E3D3008AFA7B /* Roboto-Regular.ttf in Resources */ = {isa = PBXBuildFile; fileRef = 673C61962D40E3D3008AFA7B /* Roboto-Regular.ttf */; };
		673C61992D40E3DD008AFA7B /* Roboto-Bold.ttf in Resources */ = {isa = PBXBuildFile; fileRef = 673C61982D40E3DD008AFA7B /* Roboto-Bold.ttf */; };
		673C619B2D40E3E7008AFA7B /* Roboto-Light.ttf in Resources */ = {isa = PBXBuildFile; fileRef = 673C619A2D40E3E7008AFA7B /* Roboto-Light.ttf */; };
		673C61A02D40F633008AFA7B /* Extensions.swift in Sources */ = {isa = PBXBuildFile; fileRef = 673C619F2D40F633008AFA7B /* Extensions.swift */; };
		673DC7482D4A017500A0B856 /* AuthorsInnerPageController.swift in Sources */ = {isa = PBXBuildFile; fileRef = 673DC7472D4A017500A0B856 /* AuthorsInnerPageController.swift */; };
		673DC74B2D4A132700A0B856 /* ProductsCollectionViewCell.swift in Sources */ = {isa = PBXBuildFile; fileRef = 673DC74A2D4A132700A0B856 /* ProductsCollectionViewCell.swift */; };
		673DC74E2D4A197600A0B856 /* DetailMenuViewController.swift in Sources */ = {isa = PBXBuildFile; fileRef = 673DC74D2D4A197600A0B856 /* DetailMenuViewController.swift */; };
		673FAE1B2D43B62300D463FE /* SignInViewController.swift in Sources */ = {isa = PBXBuildFile; fileRef = 673FAE1A2D43B62300D463FE /* SignInViewController.swift */; };
		674688F62D40DB5600BCFB45 /* AppDelegate.swift in Sources */ = {isa = PBXBuildFile; fileRef = 674688F52D40DB5600BCFB45 /* AppDelegate.swift */; };
		674688F82D40DB5600BCFB45 /* SceneDelegate.swift in Sources */ = {isa = PBXBuildFile; fileRef = 674688F72D40DB5600BCFB45 /* SceneDelegate.swift */; };
		674688FA2D40DB5600BCFB45 /* OnbordingViewController.swift in Sources */ = {isa = PBXBuildFile; fileRef = 674688F92D40DB5600BCFB45 /* OnbordingViewController.swift */; };
		674688FF2D40DB5800BCFB45 /* Assets.xcassets in Resources */ = {isa = PBXBuildFile; fileRef = 674688FE2D40DB5800BCFB45 /* Assets.xcassets */; };
		674689022D40DB5800BCFB45 /* LaunchScreen.storyboard in Resources */ = {isa = PBXBuildFile; fileRef = 674689002D40DB5800BCFB45 /* LaunchScreen.storyboard */; };
		6758D9CD2D4B4E2D00CEB356 /* PromotionViewController.swift in Sources */ = {isa = PBXBuildFile; fileRef = 6758D9CC2D4B4E2D00CEB356 /* PromotionViewController.swift */; };
		6758D9D12D4B55BC00CEB356 /* AccountViewController.swift in Sources */ = {isa = PBXBuildFile; fileRef = 6758D9D02D4B55BC00CEB356 /* AccountViewController.swift */; };
		6758D9D42D4B61D100CEB356 /* LogoutViewController.swift in Sources */ = {isa = PBXBuildFile; fileRef = 6758D9D32D4B61D100CEB356 /* LogoutViewController.swift */; };
		678048A82D4E4803009222D0 /* DeliveryDateViewController.swift in Sources */ = {isa = PBXBuildFile; fileRef = 678048A72D4E4803009222D0 /* DeliveryDateViewController.swift */; };
		67885F022D4BE70900ED42C7 /* ProfileTableViewCell.swift in Sources */ = {isa = PBXBuildFile; fileRef = 67885F012D4BE70900ED42C7 /* ProfileTableViewCell.swift */; };
		67885F052D4BED5A00ED42C7 /* YourFavouriteViewController.swift in Sources */ = {isa = PBXBuildFile; fileRef = 67885F042D4BED5A00ED42C7 /* YourFavouriteViewController.swift */; };
		67885F082D4BEF7A00ED42C7 /* FavouritesTableViewCell.swift in Sources */ = {isa = PBXBuildFile; fileRef = 67885F072D4BEF7A00ED42C7 /* FavouritesTableViewCell.swift */; };
		6791CE702D4255F100835D1D /* OnbordingColelctionViewCell.swift in Sources */ = {isa = PBXBuildFile; fileRef = 6791CE6F2D4255F100835D1D /* OnbordingColelctionViewCell.swift */; };
		67B708FC2D477633009FF9EE /* SignUpViewController.swift in Sources */ = {isa = PBXBuildFile; fileRef = 67B708FB2D477633009FF9EE /* SignUpViewController.swift */; };
		67B708FF2D47BA53009FF9EE /* BannerImgCollectionViewCell.swift in Sources */ = {isa = PBXBuildFile; fileRef = 67B708FE2D47BA53009FF9EE /* BannerImgCollectionViewCell.swift */; };
		67BB20042D4CB8BF00B2D0CE /* AddressViewController.swift in Sources */ = {isa = PBXBuildFile; fileRef = 67BB20032D4CB8BF00B2D0CE /* AddressViewController.swift */; };
		67BB20072D4CD2E800B2D0CE /* SaveAddressCollectionViewCell.swift in Sources */ = {isa = PBXBuildFile; fileRef = 67BB20062D4CD2E800B2D0CE /* SaveAddressCollectionViewCell.swift */; };
		67BB200A2D4CD8D400B2D0CE /* OrderHistoryViewController.swift in Sources */ = {isa = PBXBuildFile; fileRef = 67BB20092D4CD8D400B2D0CE /* OrderHistoryViewController.swift */; };
		67BB200D2D4CDE1B00B2D0CE /* OrderHistoryTabelViewCell.swift in Sources */ = {isa = PBXBuildFile; fileRef = 67BB200C2D4CDE1B00B2D0CE /* OrderHistoryTabelViewCell.swift */; };
		67C6C1F02D4A9B3500C0B529 /* OrderOffersViewController.swift in Sources */ = {isa = PBXBuildFile; fileRef = 67C6C1EF2D4A9B3500C0B529 /* OrderOffersViewController.swift */; };
		67C6C1F32D4A9F5700C0B529 /* CoupansCollectionViewCell.swift in Sources */ = {isa = PBXBuildFile; fileRef = 67C6C1F22D4A9F5700C0B529 /* CoupansCollectionViewCell.swift */; };
		67C6C1F72D4AA37400C0B529 /* SetLocationViewController.swift in Sources */ = {isa = PBXBuildFile; fileRef = 67C6C1F62D4AA37400C0B529 /* SetLocationViewController.swift */; };
		67D4F96A2D43F4D400653F5A /* ForgotPasswordController.swift in Sources */ = {isa = PBXBuildFile; fileRef = 67D4F9692D43F4D400653F5A /* ForgotPasswordController.swift */; };
		67D4F96D2D43F87D00653F5A /* ResetPassWithEmail.swift in Sources */ = {isa = PBXBuildFile; fileRef = 67D4F96C2D43F87D00653F5A /* ResetPassWithEmail.swift */; };
		67D4F9702D43FEEE00653F5A /* ResetPassWithPhone.swift in Sources */ = {isa = PBXBuildFile; fileRef = 67D4F96F2D43FEEE00653F5A /* ResetPassWithPhone.swift */; };
		67D4F9742D44044F00653F5A /* SettingNewPass.swift in Sources */ = {isa = PBXBuildFile; fileRef = 67D4F9732D44044F00653F5A /* SettingNewPass.swift */; };
		67D4F9772D440B4B00653F5A /* SuccessPassCreation.swift in Sources */ = {isa = PBXBuildFile; fileRef = 67D4F9762D440B4B00653F5A /* SuccessPassCreation.swift */; };
		67F0CA222D4E28D400484824 /* NotificationViewController.swift in Sources */ = {isa = PBXBuildFile; fileRef = 67F0CA212D4E28D400484824 /* NotificationViewController.swift */; };
		67F0CA252D4E2C9400484824 /* NotificationTableViewCell.swift in Sources */ = {isa = PBXBuildFile; fileRef = 67F0CA242D4E2C9400484824 /* NotificationTableViewCell.swift */; };
		67F0CA282D4E333300484824 /* PaymentViewController.swift in Sources */ = {isa = PBXBuildFile; fileRef = 67F0CA272D4E333300484824 /* PaymentViewController.swift */; };
		67F0CA2B2D4E36DD00484824 /* PaymentTabelViewCell.swift in Sources */ = {isa = PBXBuildFile; fileRef = 67F0CA2A2D4E36DD00484824 /* PaymentTabelViewCell.swift */; };
		67F4F7132D47595300F3EC57 /* ProfileController.swift in Sources */ = {isa = PBXBuildFile; fileRef = 67F4F7122D47595300F3EC57 /* ProfileController.swift */; };
		67F4F7152D47596D00F3EC57 /* CartController.swift in Sources */ = {isa = PBXBuildFile; fileRef = 67F4F7142D47596D00F3EC57 /* CartController.swift */; };
		67F4F7172D47598900F3EC57 /* CategoryController.swift in Sources */ = {isa = PBXBuildFile; fileRef = 67F4F7162D47598900F3EC57 /* CategoryController.swift */; };
		67F4F7192D4759A300F3EC57 /* HomeController.swift in Sources */ = {isa = PBXBuildFile; fileRef = 67F4F7182D4759A300F3EC57 /* HomeController.swift */; };
		67F4F71B2D4759BF00F3EC57 /* TabBarController.swift in Sources */ = {isa = PBXBuildFile; fileRef = 67F4F71A2D4759BF00F3EC57 /* TabBarController.swift */; };
		67FA99B82D509E6200B4C5D1 /* SearchBarViewController.swift in Sources */ = {isa = PBXBuildFile; fileRef = 67FA99B72D509E6200B4C5D1 /* SearchBarViewController.swift */; };
		67FA99BB2D50A5A400B4C5D1 /* SearchTableViewCell.swift in Sources */ = {isa = PBXBuildFile; fileRef = 67FA99BA2D50A5A400B4C5D1 /* SearchTableViewCell.swift */; };
		67FA99BE2D50AAA900B4C5D1 /* EmptyNorificationController.swift in Sources */ = {isa = PBXBuildFile; fileRef = 67FA99BD2D50AAA900B4C5D1 /* EmptyNorificationController.swift */; };
		67FA99C12D50AD8A00B4C5D1 /* PaymentDetailsController.swift in Sources */ = {isa = PBXBuildFile; fileRef = 67FA99C02D50AD8A00B4C5D1 /* PaymentDetailsController.swift */; };
		67FA99C42D50B18300B4C5D1 /* OrderDetailsViewController.swift in Sources */ = {isa = PBXBuildFile; fileRef = 67FA99C32D50B18300B4C5D1 /* OrderDetailsViewController.swift */; };
		67FA99C72D50BD6800B4C5D1 /* ConfirmOrderController.swift in Sources */ = {isa = PBXBuildFile; fileRef = 67FA99C62D50BD6800B4C5D1 /* ConfirmOrderController.swift */; };
		67FADAB72D44F42B00470797 /* VerificationCodeController.swift in Sources */ = {isa = PBXBuildFile; fileRef = 67FADAB62D44F42B00470797 /* VerificationCodeController.swift */; };
		67FADABB2D450A7800470797 /* SuccessVerification.swift in Sources */ = {isa = PBXBuildFile; fileRef = 67FADABA2D450A7800470797 /* SuccessVerification.swift */; };
		67FE13A32D48A67500046C7C /* TopOfWeekCollectionViewCell.swift in Sources */ = {isa = PBXBuildFile; fileRef = 67FE13A22D48A67500046C7C /* TopOfWeekCollectionViewCell.swift */; };
		67FE13A62D48B12C00046C7C /* TopVendorsCollectionViewCell.swift in Sources */ = {isa = PBXBuildFile; fileRef = 67FE13A52D48B12C00046C7C /* TopVendorsCollectionViewCell.swift */; };
		67FE13A92D48BA2300046C7C /* AuthorsCollectionViewCell.swift in Sources */ = {isa = PBXBuildFile; fileRef = 67FE13A82D48BA2300046C7C /* AuthorsCollectionViewCell.swift */; };
		67FE13AC2D48D16300046C7C /* VendorViewController.swift in Sources */ = {isa = PBXBuildFile; fileRef = 67FE13AB2D48D16300046C7C /* VendorViewController.swift */; };
		67FE13AF2D48EB6200046C7C /* VendorsLblCollectionViewCell.swift in Sources */ = {isa = PBXBuildFile; fileRef = 67FE13AE2D48EB6200046C7C /* VendorsLblCollectionViewCell.swift */; };
		67FE13B22D48F27800046C7C /* AllVendorsCollectionViewCell.swift in Sources */ = {isa = PBXBuildFile; fileRef = 67FE13B12D48F27800046C7C /* AllVendorsCollectionViewCell.swift */; };
		67FE13B52D48FE4900046C7C /* AuthorViewController.swift in Sources */ = {isa = PBXBuildFile; fileRef = 67FE13B42D48FE4900046C7C /* AuthorViewController.swift */; };
		67FE13B82D4901D600046C7C /* AuthorDetailsTableViewCell.swift in Sources */ = {isa = PBXBuildFile; fileRef = 67FE13B72D4901D600046C7C /* AuthorDetailsTableViewCell.swift */; };
/* End PBXBuildFile section */

/* Begin PBXFileReference section */
		02F10F8A3C2430506DF8424D /* Pods_Bazar.framework */ = {isa = PBXFileReference; explicitFileType = wrapper.framework; includeInIndex = 0; path = Pods_Bazar.framework; sourceTree = BUILT_PRODUCTS_DIR; };
		3D103C6B0776DC278B541A9F /* Pods-Bazar.release.xcconfig */ = {isa = PBXFileReference; includeInIndex = 1; lastKnownFileType = text.xcconfig; name = "Pods-Bazar.release.xcconfig"; path = "Target Support Files/Pods-Bazar/Pods-Bazar.release.xcconfig"; sourceTree = "<group>"; };
		67124E712D4B6B7A000A683A /* OrderStatusViewController.swift */ = {isa = PBXFileReference; lastKnownFileType = sourcecode.swift; path = OrderStatusViewController.swift; sourceTree = "<group>"; };
		67124E742D4B8BF3000A683A /* HelpCenterViewController.swift */ = {isa = PBXFileReference; lastKnownFileType = sourcecode.swift; path = HelpCenterViewController.swift; sourceTree = "<group>"; };
		673C618C2D40E39A008AFA7B /* OpenSans-Bold.ttf */ = {isa = PBXFileReference; lastKnownFileType = file; path = "OpenSans-Bold.ttf"; sourceTree = "<group>"; };
		673C618E2D40E3AB008AFA7B /* Roboto-BoldItalic.ttf */ = {isa = PBXFileReference; lastKnownFileType = file; path = "Roboto-BoldItalic.ttf"; sourceTree = "<group>"; };
		673C61902D40E3B5008AFA7B /* Roboto-Condensed.ttf */ = {isa = PBXFileReference; lastKnownFileType = file; path = "Roboto-Condensed.ttf"; sourceTree = "<group>"; };
		673C61922D40E3BE008AFA7B /* Roboto-BoldCondensed.ttf */ = {isa = PBXFileReference; lastKnownFileType = file; path = "Roboto-BoldCondensed.ttf"; sourceTree = "<group>"; };
		673C61942D40E3C9008AFA7B /* Roboto-Medium.ttf */ = {isa = PBXFileReference; lastKnownFileType = file; path = "Roboto-Medium.ttf"; sourceTree = "<group>"; };
		673C61962D40E3D3008AFA7B /* Roboto-Regular.ttf */ = {isa = PBXFileReference; lastKnownFileType = file; path = "Roboto-Regular.ttf"; sourceTree = "<group>"; };
		673C61982D40E3DD008AFA7B /* Roboto-Bold.ttf */ = {isa = PBXFileReference; lastKnownFileType = file; path = "Roboto-Bold.ttf"; sourceTree = "<group>"; };
		673C619A2D40E3E7008AFA7B /* Roboto-Light.ttf */ = {isa = PBXFileReference; lastKnownFileType = file; path = "Roboto-Light.ttf"; sourceTree = "<group>"; };
		673C619D2D40E953008AFA7B /* Bazar.entitlements */ = {isa = PBXFileReference; lastKnownFileType = text.plist.entitlements; path = Bazar.entitlements; sourceTree = "<group>"; };
		673C619F2D40F633008AFA7B /* Extensions.swift */ = {isa = PBXFileReference; lastKnownFileType = sourcecode.swift; path = Extensions.swift; sourceTree = "<group>"; };
		673DC7472D4A017500A0B856 /* AuthorsInnerPageController.swift */ = {isa = PBXFileReference; lastKnownFileType = sourcecode.swift; path = AuthorsInnerPageController.swift; sourceTree = "<group>"; };
		673DC74A2D4A132700A0B856 /* ProductsCollectionViewCell.swift */ = {isa = PBXFileReference; lastKnownFileType = sourcecode.swift; path = ProductsCollectionViewCell.swift; sourceTree = "<group>"; };
		673DC74D2D4A197600A0B856 /* DetailMenuViewController.swift */ = {isa = PBXFileReference; lastKnownFileType = sourcecode.swift; path = DetailMenuViewController.swift; sourceTree = "<group>"; };
		673FAE1A2D43B62300D463FE /* SignInViewController.swift */ = {isa = PBXFileReference; lastKnownFileType = sourcecode.swift; path = SignInViewController.swift; sourceTree = "<group>"; };
		674688F22D40DB5600BCFB45 /* Bazar.app */ = {isa = PBXFileReference; explicitFileType = wrapper.application; includeInIndex = 0; path = Bazar.app; sourceTree = BUILT_PRODUCTS_DIR; };
		674688F52D40DB5600BCFB45 /* AppDelegate.swift */ = {isa = PBXFileReference; lastKnownFileType = sourcecode.swift; path = AppDelegate.swift; sourceTree = "<group>"; };
		674688F72D40DB5600BCFB45 /* SceneDelegate.swift */ = {isa = PBXFileReference; lastKnownFileType = sourcecode.swift; path = SceneDelegate.swift; sourceTree = "<group>"; };
		674688F92D40DB5600BCFB45 /* OnbordingViewController.swift */ = {isa = PBXFileReference; lastKnownFileType = sourcecode.swift; path = OnbordingViewController.swift; sourceTree = "<group>"; };
		674688FE2D40DB5800BCFB45 /* Assets.xcassets */ = {isa = PBXFileReference; lastKnownFileType = folder.assetcatalog; path = Assets.xcassets; sourceTree = "<group>"; };
		674689012D40DB5800BCFB45 /* Base */ = {isa = PBXFileReference; lastKnownFileType = file.storyboard; name = Base; path = Base.lproj/LaunchScreen.storyboard; sourceTree = "<group>"; };
		674689032D40DB5800BCFB45 /* Info.plist */ = {isa = PBXFileReference; lastKnownFileType = text.plist.xml; path = Info.plist; sourceTree = "<group>"; };
		6758D9CC2D4B4E2D00CEB356 /* PromotionViewController.swift */ = {isa = PBXFileReference; lastKnownFileType = sourcecode.swift; path = PromotionViewController.swift; sourceTree = "<group>"; };
		6758D9D02D4B55BC00CEB356 /* AccountViewController.swift */ = {isa = PBXFileReference; lastKnownFileType = sourcecode.swift; path = AccountViewController.swift; sourceTree = "<group>"; };
		6758D9D32D4B61D100CEB356 /* LogoutViewController.swift */ = {isa = PBXFileReference; lastKnownFileType = sourcecode.swift; path = LogoutViewController.swift; sourceTree = "<group>"; };
		678048A72D4E4803009222D0 /* DeliveryDateViewController.swift */ = {isa = PBXFileReference; lastKnownFileType = sourcecode.swift; path = DeliveryDateViewController.swift; sourceTree = "<group>"; };
		67885F012D4BE70900ED42C7 /* ProfileTableViewCell.swift */ = {isa = PBXFileReference; lastKnownFileType = sourcecode.swift; path = ProfileTableViewCell.swift; sourceTree = "<group>"; };
		67885F042D4BED5A00ED42C7 /* YourFavouriteViewController.swift */ = {isa = PBXFileReference; lastKnownFileType = sourcecode.swift; path = YourFavouriteViewController.swift; sourceTree = "<group>"; };
		67885F072D4BEF7A00ED42C7 /* FavouritesTableViewCell.swift */ = {isa = PBXFileReference; lastKnownFileType = sourcecode.swift; path = FavouritesTableViewCell.swift; sourceTree = "<group>"; };
		6791CE6F2D4255F100835D1D /* OnbordingColelctionViewCell.swift */ = {isa = PBXFileReference; lastKnownFileType = sourcecode.swift; path = OnbordingColelctionViewCell.swift; sourceTree = "<group>"; };
		67B708FB2D477633009FF9EE /* SignUpViewController.swift */ = {isa = PBXFileReference; lastKnownFileType = sourcecode.swift; path = SignUpViewController.swift; sourceTree = "<group>"; };
		67B708FE2D47BA53009FF9EE /* BannerImgCollectionViewCell.swift */ = {isa = PBXFileReference; lastKnownFileType = sourcecode.swift; path = BannerImgCollectionViewCell.swift; sourceTree = "<group>"; };
		67BB20032D4CB8BF00B2D0CE /* AddressViewController.swift */ = {isa = PBXFileReference; lastKnownFileType = sourcecode.swift; path = AddressViewController.swift; sourceTree = "<group>"; };
		67BB20062D4CD2E800B2D0CE /* SaveAddressCollectionViewCell.swift */ = {isa = PBXFileReference; lastKnownFileType = sourcecode.swift; path = SaveAddressCollectionViewCell.swift; sourceTree = "<group>"; };
		67BB20092D4CD8D400B2D0CE /* OrderHistoryViewController.swift */ = {isa = PBXFileReference; lastKnownFileType = sourcecode.swift; path = OrderHistoryViewController.swift; sourceTree = "<group>"; };
		67BB200C2D4CDE1B00B2D0CE /* OrderHistoryTabelViewCell.swift */ = {isa = PBXFileReference; lastKnownFileType = sourcecode.swift; path = OrderHistoryTabelViewCell.swift; sourceTree = "<group>"; };
		67C6C1EF2D4A9B3500C0B529 /* OrderOffersViewController.swift */ = {isa = PBXFileReference; lastKnownFileType = sourcecode.swift; path = OrderOffersViewController.swift; sourceTree = "<group>"; };
		67C6C1F22D4A9F5700C0B529 /* CoupansCollectionViewCell.swift */ = {isa = PBXFileReference; lastKnownFileType = sourcecode.swift; path = CoupansCollectionViewCell.swift; sourceTree = "<group>"; };
		67C6C1F62D4AA37400C0B529 /* SetLocationViewController.swift */ = {isa = PBXFileReference; lastKnownFileType = sourcecode.swift; path = SetLocationViewController.swift; sourceTree = "<group>"; };
		67D4F9692D43F4D400653F5A /* ForgotPasswordController.swift */ = {isa = PBXFileReference; lastKnownFileType = sourcecode.swift; path = ForgotPasswordController.swift; sourceTree = "<group>"; };
		67D4F96C2D43F87D00653F5A /* ResetPassWithEmail.swift */ = {isa = PBXFileReference; lastKnownFileType = sourcecode.swift; path = ResetPassWithEmail.swift; sourceTree = "<group>"; };
		67D4F96F2D43FEEE00653F5A /* ResetPassWithPhone.swift */ = {isa = PBXFileReference; lastKnownFileType = sourcecode.swift; path = ResetPassWithPhone.swift; sourceTree = "<group>"; };
		67D4F9732D44044F00653F5A /* SettingNewPass.swift */ = {isa = PBXFileReference; lastKnownFileType = sourcecode.swift; path = SettingNewPass.swift; sourceTree = "<group>"; };
		67D4F9762D440B4B00653F5A /* SuccessPassCreation.swift */ = {isa = PBXFileReference; lastKnownFileType = sourcecode.swift; path = SuccessPassCreation.swift; sourceTree = "<group>"; };
		67F0CA212D4E28D400484824 /* NotificationViewController.swift */ = {isa = PBXFileReference; lastKnownFileType = sourcecode.swift; path = NotificationViewController.swift; sourceTree = "<group>"; };
		67F0CA242D4E2C9400484824 /* NotificationTableViewCell.swift */ = {isa = PBXFileReference; lastKnownFileType = sourcecode.swift; path = NotificationTableViewCell.swift; sourceTree = "<group>"; };
		67F0CA272D4E333300484824 /* PaymentViewController.swift */ = {isa = PBXFileReference; lastKnownFileType = sourcecode.swift; path = PaymentViewController.swift; sourceTree = "<group>"; };
		67F0CA2A2D4E36DD00484824 /* PaymentTabelViewCell.swift */ = {isa = PBXFileReference; lastKnownFileType = sourcecode.swift; path = PaymentTabelViewCell.swift; sourceTree = "<group>"; };
		67F4F7122D47595300F3EC57 /* ProfileController.swift */ = {isa = PBXFileReference; lastKnownFileType = sourcecode.swift; path = ProfileController.swift; sourceTree = "<group>"; };
		67F4F7142D47596D00F3EC57 /* CartController.swift */ = {isa = PBXFileReference; lastKnownFileType = sourcecode.swift; path = CartController.swift; sourceTree = "<group>"; };
		67F4F7162D47598900F3EC57 /* CategoryController.swift */ = {isa = PBXFileReference; lastKnownFileType = sourcecode.swift; path = CategoryController.swift; sourceTree = "<group>"; };
		67F4F7182D4759A300F3EC57 /* HomeController.swift */ = {isa = PBXFileReference; lastKnownFileType = sourcecode.swift; path = HomeController.swift; sourceTree = "<group>"; };
		67F4F71A2D4759BF00F3EC57 /* TabBarController.swift */ = {isa = PBXFileReference; lastKnownFileType = sourcecode.swift; path = TabBarController.swift; sourceTree = "<group>"; };
		67FA99B72D509E6200B4C5D1 /* SearchBarViewController.swift */ = {isa = PBXFileReference; lastKnownFileType = sourcecode.swift; path = SearchBarViewController.swift; sourceTree = "<group>"; };
		67FA99BA2D50A5A400B4C5D1 /* SearchTableViewCell.swift */ = {isa = PBXFileReference; lastKnownFileType = sourcecode.swift; path = SearchTableViewCell.swift; sourceTree = "<group>"; };
		67FA99BD2D50AAA900B4C5D1 /* EmptyNorificationController.swift */ = {isa = PBXFileReference; lastKnownFileType = sourcecode.swift; path = EmptyNorificationController.swift; sourceTree = "<group>"; };
		67FA99C02D50AD8A00B4C5D1 /* PaymentDetailsController.swift */ = {isa = PBXFileReference; lastKnownFileType = sourcecode.swift; path = PaymentDetailsController.swift; sourceTree = "<group>"; };
		67FA99C32D50B18300B4C5D1 /* OrderDetailsViewController.swift */ = {isa = PBXFileReference; lastKnownFileType = sourcecode.swift; path = OrderDetailsViewController.swift; sourceTree = "<group>"; };
		67FA99C62D50BD6800B4C5D1 /* ConfirmOrderController.swift */ = {isa = PBXFileReference; lastKnownFileType = sourcecode.swift; path = ConfirmOrderController.swift; sourceTree = "<group>"; };
		67FADAB62D44F42B00470797 /* VerificationCodeController.swift */ = {isa = PBXFileReference; lastKnownFileType = sourcecode.swift; path = VerificationCodeController.swift; sourceTree = "<group>"; };
		67FADABA2D450A7800470797 /* SuccessVerification.swift */ = {isa = PBXFileReference; lastKnownFileType = sourcecode.swift; path = SuccessVerification.swift; sourceTree = "<group>"; };
		67FE13A22D48A67500046C7C /* TopOfWeekCollectionViewCell.swift */ = {isa = PBXFileReference; lastKnownFileType = sourcecode.swift; path = TopOfWeekCollectionViewCell.swift; sourceTree = "<group>"; };
		67FE13A52D48B12C00046C7C /* TopVendorsCollectionViewCell.swift */ = {isa = PBXFileReference; lastKnownFileType = sourcecode.swift; path = TopVendorsCollectionViewCell.swift; sourceTree = "<group>"; };
		67FE13A82D48BA2300046C7C /* AuthorsCollectionViewCell.swift */ = {isa = PBXFileReference; lastKnownFileType = sourcecode.swift; path = AuthorsCollectionViewCell.swift; sourceTree = "<group>"; };
		67FE13AB2D48D16300046C7C /* VendorViewController.swift */ = {isa = PBXFileReference; lastKnownFileType = sourcecode.swift; path = VendorViewController.swift; sourceTree = "<group>"; };
		67FE13AE2D48EB6200046C7C /* VendorsLblCollectionViewCell.swift */ = {isa = PBXFileReference; lastKnownFileType = sourcecode.swift; path = VendorsLblCollectionViewCell.swift; sourceTree = "<group>"; };
		67FE13B12D48F27800046C7C /* AllVendorsCollectionViewCell.swift */ = {isa = PBXFileReference; lastKnownFileType = sourcecode.swift; path = AllVendorsCollectionViewCell.swift; sourceTree = "<group>"; };
		67FE13B42D48FE4900046C7C /* AuthorViewController.swift */ = {isa = PBXFileReference; lastKnownFileType = sourcecode.swift; path = AuthorViewController.swift; sourceTree = "<group>"; };
		67FE13B72D4901D600046C7C /* AuthorDetailsTableViewCell.swift */ = {isa = PBXFileReference; lastKnownFileType = sourcecode.swift; path = AuthorDetailsTableViewCell.swift; sourceTree = "<group>"; };
		BFCA8855B5CECDE80EB4445E /* Pods-Bazar.debug.xcconfig */ = {isa = PBXFileReference; includeInIndex = 1; lastKnownFileType = text.xcconfig; name = "Pods-Bazar.debug.xcconfig"; path = "Target Support Files/Pods-Bazar/Pods-Bazar.debug.xcconfig"; sourceTree = "<group>"; };
/* End PBXFileReference section */

/* Begin PBXFrameworksBuildPhase section */
		674688EF2D40DB5600BCFB45 /* Frameworks */ = {
			isa = PBXFrameworksBuildPhase;
			buildActionMask = 2147483647;
			files = (
				022089FDDC60604B2634145B /* Pods_Bazar.framework in Frameworks */,
			);
			runOnlyForDeploymentPostprocessing = 0;
		};
/* End PBXFrameworksBuildPhase section */

/* Begin PBXGroup section */
		457B9D05748E529B40ED652B /* Pods */ = {
			isa = PBXGroup;
			children = (
				BFCA8855B5CECDE80EB4445E /* Pods-Bazar.debug.xcconfig */,
				3D103C6B0776DC278B541A9F /* Pods-Bazar.release.xcconfig */,
			);
			path = Pods;
			sourceTree = "<group>";
		};
		67124E702D4B6B5C000A683A /* OrderStatusViewController */ = {
			isa = PBXGroup;
			children = (
				67124E712D4B6B7A000A683A /* OrderStatusViewController.swift */,
			);
			path = OrderStatusViewController;
			sourceTree = "<group>";
		};
		67124E732D4B8BDD000A683A /* HelpCenterViewController */ = {
			isa = PBXGroup;
			children = (
				67124E742D4B8BF3000A683A /* HelpCenterViewController.swift */,
			);
			path = HelpCenterViewController;
			sourceTree = "<group>";
		};
		673C618B2D40E37E008AFA7B /* Fonts */ = {
			isa = PBXGroup;
			children = (
				673C61982D40E3DD008AFA7B /* Roboto-Bold.ttf */,
				673C61962D40E3D3008AFA7B /* Roboto-Regular.ttf */,
				673C61942D40E3C9008AFA7B /* Roboto-Medium.ttf */,
				673C619A2D40E3E7008AFA7B /* Roboto-Light.ttf */,
				673C61902D40E3B5008AFA7B /* Roboto-Condensed.ttf */,
				673C61922D40E3BE008AFA7B /* Roboto-BoldCondensed.ttf */,
				673C618E2D40E3AB008AFA7B /* Roboto-BoldItalic.ttf */,
				673C618C2D40E39A008AFA7B /* OpenSans-Bold.ttf */,
			);
			path = Fonts;
			sourceTree = "<group>";
		};
		673C619C2D40E6C7008AFA7B /* OnbordingScreens */ = {
			isa = PBXGroup;
			children = (
				6791CE6E2D4255CF00835D1D /* OnbordingColelctionViewCell */,
				674688F92D40DB5600BCFB45 /* OnbordingViewController.swift */,
			);
			path = OnbordingScreens;
			sourceTree = "<group>";
		};
		673C619E2D40F616008AFA7B /* Extensions */ = {
			isa = PBXGroup;
			children = (
				673C619F2D40F633008AFA7B /* Extensions.swift */,
			);
			path = Extensions;
			sourceTree = "<group>";
		};
		673DC7452D4A013500A0B856 /* AuthorsScreens */ = {
			isa = PBXGroup;
			children = (
				67FE13B32D48FE2900046C7C /* AuthorViewController */,
				673DC7462D4A014A00A0B856 /* AuthorsInnerPageController */,
			);
			path = AuthorsScreens;
			sourceTree = "<group>";
		};
		673DC7462D4A014A00A0B856 /* AuthorsInnerPageController */ = {
			isa = PBXGroup;
			children = (
				673DC7492D4A130D00A0B856 /* ProductsCollectionViewCell */,
				673DC7472D4A017500A0B856 /* AuthorsInnerPageController.swift */,
			);
			path = AuthorsInnerPageController;
			sourceTree = "<group>";
		};
		673DC7492D4A130D00A0B856 /* ProductsCollectionViewCell */ = {
			isa = PBXGroup;
			children = (
				673DC74A2D4A132700A0B856 /* ProductsCollectionViewCell.swift */,
			);
			path = ProductsCollectionViewCell;
			sourceTree = "<group>";
		};
		673DC74C2D4A195800A0B856 /* DetailMenuViewController */ = {
			isa = PBXGroup;
			children = (
				673DC74D2D4A197600A0B856 /* DetailMenuViewController.swift */,
			);
			path = DetailMenuViewController;
			sourceTree = "<group>";
		};
		673FAE182D43B5FF00D463FE /* Auth */ = {
			isa = PBXGroup;
			children = (
				67FADAB92D450A6400470797 /* SuccessVerification */,
				67D4F9672D43F48500653F5A /* PasswordController */,
				67B708FA2D47761F009FF9EE /* SignUpViewController */,
				673FAE192D43B60700D463FE /* SignInViewController */,
			);
			path = Auth;
			sourceTree = "<group>";
		};
		673FAE192D43B60700D463FE /* SignInViewController */ = {
			isa = PBXGroup;
			children = (
				673FAE1A2D43B62300D463FE /* SignInViewController.swift */,
			);
			path = SignInViewController;
			sourceTree = "<group>";
		};
		674688E92D40DB5600BCFB45 = {
			isa = PBXGroup;
			children = (
				674688F42D40DB5600BCFB45 /* Bazar */,
				674688F32D40DB5600BCFB45 /* Products */,
				457B9D05748E529B40ED652B /* Pods */,
				7E35D046C3DFE5C258E5FDD3 /* Frameworks */,
			);
			sourceTree = "<group>";
		};
		674688F32D40DB5600BCFB45 /* Products */ = {
			isa = PBXGroup;
			children = (
				674688F22D40DB5600BCFB45 /* Bazar.app */,
			);
			name = Products;
			sourceTree = "<group>";
		};
		674688F42D40DB5600BCFB45 /* Bazar */ = {
			isa = PBXGroup;
			children = (
				673C619D2D40E953008AFA7B /* Bazar.entitlements */,
				6746890B2D40DC3E00BCFB45 /* HelpingClasses */,
				6746890A2D40DC2000BCFB45 /* View Controllers */,
				674689092D40DC0200BCFB45 /* Delegates */,
				674688FE2D40DB5800BCFB45 /* Assets.xcassets */,
				674689002D40DB5800BCFB45 /* LaunchScreen.storyboard */,
				674689032D40DB5800BCFB45 /* Info.plist */,
			);
			path = Bazar;
			sourceTree = "<group>";
		};
		674689092D40DC0200BCFB45 /* Delegates */ = {
			isa = PBXGroup;
			children = (
				674688F72D40DB5600BCFB45 /* SceneDelegate.swift */,
				674688F52D40DB5600BCFB45 /* AppDelegate.swift */,
			);
			path = Delegates;
			sourceTree = "<group>";
		};
		6746890A2D40DC2000BCFB45 /* View Controllers */ = {
			isa = PBXGroup;
			children = (
				67FA99B62D509E4800B4C5D1 /* SearchBarViewController */,
				6758D9CE2D4B558300CEB356 /* ProfileViewController */,
				6758D9CA2D4B4DFF00CEB356 /* NotificationsScreens */,
				67C6C1F42D4AA33300C0B529 /* CartAndCheckoutScreens */,
				67C6C1ED2D4A9B0500C0B529 /* OrdersScreen */,
				673DC74C2D4A195800A0B856 /* DetailMenuViewController */,
				673DC7452D4A013500A0B856 /* AuthorsScreens */,
				67FE13AA2D48D13600046C7C /* VendorViewController */,
				67F4F70D2D4758B600F3EC57 /* TabBarController */,
				673FAE182D43B5FF00D463FE /* Auth */,
				673C619C2D40E6C7008AFA7B /* OnbordingScreens */,
			);
			path = "View Controllers";
			sourceTree = "<group>";
		};
		6746890B2D40DC3E00BCFB45 /* HelpingClasses */ = {
			isa = PBXGroup;
			children = (
				673C618B2D40E37E008AFA7B /* Fonts */,
				673C619E2D40F616008AFA7B /* Extensions */,
			);
			path = HelpingClasses;
			sourceTree = "<group>";
		};
		6758D9CA2D4B4DFF00CEB356 /* NotificationsScreens */ = {
			isa = PBXGroup;
			children = (
				67FA99BC2D50AA8600B4C5D1 /* EmptyNorificationController */,
				67F0CA202D4E28BA00484824 /* NotificationViewController */,
				6758D9CB2D4B4E1800CEB356 /* PromotionViewController */,
			);
			path = NotificationsScreens;
			sourceTree = "<group>";
		};
		6758D9CB2D4B4E1800CEB356 /* PromotionViewController */ = {
			isa = PBXGroup;
			children = (
				6758D9CC2D4B4E2D00CEB356 /* PromotionViewController.swift */,
			);
			path = PromotionViewController;
			sourceTree = "<group>";
		};
		6758D9CE2D4B558300CEB356 /* ProfileViewController */ = {
			isa = PBXGroup;
			children = (
				67BB20082D4CD8B500B2D0CE /* OrderHistoryViewController */,
				67BB20022D4CB8A400B2D0CE /* AddressViewController */,
				67885F032D4BED3B00ED42C7 /* YourFavouriteViewController */,
				67124E732D4B8BDD000A683A /* HelpCenterViewController */,
				6758D9D22D4B61B400CEB356 /* LogoutViewController */,
				6758D9CF2D4B55A400CEB356 /* AccountViewController */,
			);
			path = ProfileViewController;
			sourceTree = "<group>";
		};
		6758D9CF2D4B55A400CEB356 /* AccountViewController */ = {
			isa = PBXGroup;
			children = (
				6758D9D02D4B55BC00CEB356 /* AccountViewController.swift */,
			);
			path = AccountViewController;
			sourceTree = "<group>";
		};
		6758D9D22D4B61B400CEB356 /* LogoutViewController */ = {
			isa = PBXGroup;
			children = (
				6758D9D32D4B61D100CEB356 /* LogoutViewController.swift */,
			);
			path = LogoutViewController;
			sourceTree = "<group>";
		};
		678048A62D4E47E8009222D0 /* DeliveryDateViewController */ = {
			isa = PBXGroup;
			children = (
				678048A72D4E4803009222D0 /* DeliveryDateViewController.swift */,
			);
			path = DeliveryDateViewController;
			sourceTree = "<group>";
		};
		67885F002D4BE6E800ED42C7 /* ProfileTableViewCell */ = {
			isa = PBXGroup;
			children = (
				67885F012D4BE70900ED42C7 /* ProfileTableViewCell.swift */,
			);
			path = ProfileTableViewCell;
			sourceTree = "<group>";
		};
		67885F032D4BED3B00ED42C7 /* YourFavouriteViewController */ = {
			isa = PBXGroup;
			children = (
				67885F062D4BEF5D00ED42C7 /* FavouritesTableViewCell */,
				67885F042D4BED5A00ED42C7 /* YourFavouriteViewController.swift */,
			);
			path = YourFavouriteViewController;
			sourceTree = "<group>";
		};
		67885F062D4BEF5D00ED42C7 /* FavouritesTableViewCell */ = {
			isa = PBXGroup;
			children = (
				67885F072D4BEF7A00ED42C7 /* FavouritesTableViewCell.swift */,
			);
			path = FavouritesTableViewCell;
			sourceTree = "<group>";
		};
		6791CE6E2D4255CF00835D1D /* OnbordingColelctionViewCell */ = {
			isa = PBXGroup;
			children = (
				6791CE6F2D4255F100835D1D /* OnbordingColelctionViewCell.swift */,
			);
			path = OnbordingColelctionViewCell;
			sourceTree = "<group>";
		};
		67B708FA2D47761F009FF9EE /* SignUpViewController */ = {
			isa = PBXGroup;
			children = (
				67B708FB2D477633009FF9EE /* SignUpViewController.swift */,
			);
			path = SignUpViewController;
			sourceTree = "<group>";
		};
		67B708FD2D47BA2F009FF9EE /* BannerImgCollectionViewCell */ = {
			isa = PBXGroup;
			children = (
				67B708FE2D47BA53009FF9EE /* BannerImgCollectionViewCell.swift */,
			);
			path = BannerImgCollectionViewCell;
			sourceTree = "<group>";
		};
		67BB20022D4CB8A400B2D0CE /* AddressViewController */ = {
			isa = PBXGroup;
			children = (
				67BB20052D4CD2C700B2D0CE /* SaveAddressCollectionViewCell */,
				67BB20032D4CB8BF00B2D0CE /* AddressViewController.swift */,
			);
			path = AddressViewController;
			sourceTree = "<group>";
		};
		67BB20052D4CD2C700B2D0CE /* SaveAddressCollectionViewCell */ = {
			isa = PBXGroup;
			children = (
				67BB20062D4CD2E800B2D0CE /* SaveAddressCollectionViewCell.swift */,
			);
			path = SaveAddressCollectionViewCell;
			sourceTree = "<group>";
		};
		67BB20082D4CD8B500B2D0CE /* OrderHistoryViewController */ = {
			isa = PBXGroup;
			children = (
				67BB200B2D4CDDF000B2D0CE /* OrderHistoryTabelViewCell */,
				67BB20092D4CD8D400B2D0CE /* OrderHistoryViewController.swift */,
			);
			path = OrderHistoryViewController;
			sourceTree = "<group>";
		};
		67BB200B2D4CDDF000B2D0CE /* OrderHistoryTabelViewCell */ = {
			isa = PBXGroup;
			children = (
				67BB200C2D4CDE1B00B2D0CE /* OrderHistoryTabelViewCell.swift */,
			);
			path = OrderHistoryTabelViewCell;
			sourceTree = "<group>";
		};
		67C6C1ED2D4A9B0500C0B529 /* OrdersScreen */ = {
			isa = PBXGroup;
			children = (
				67FA99C22D50B16C00B4C5D1 /* OrderDetailsViewController */,
				67124E702D4B6B5C000A683A /* OrderStatusViewController */,
				67C6C1EE2D4A9B1C00C0B529 /* OrderOffersViewController */,
			);
			path = OrdersScreen;
			sourceTree = "<group>";
		};
		67C6C1EE2D4A9B1C00C0B529 /* OrderOffersViewController */ = {
			isa = PBXGroup;
			children = (
				67C6C1F12D4A9F3D00C0B529 /* CoupansCollectionViewCell */,
				67C6C1EF2D4A9B3500C0B529 /* OrderOffersViewController.swift */,
			);
			path = OrderOffersViewController;
			sourceTree = "<group>";
		};
		67C6C1F12D4A9F3D00C0B529 /* CoupansCollectionViewCell */ = {
			isa = PBXGroup;
			children = (
				67C6C1F22D4A9F5700C0B529 /* CoupansCollectionViewCell.swift */,
			);
			path = CoupansCollectionViewCell;
			sourceTree = "<group>";
		};
		67C6C1F42D4AA33300C0B529 /* CartAndCheckoutScreens */ = {
			isa = PBXGroup;
			children = (
				67FA99C52D50BD5000B4C5D1 /* ConfirmOrderController */,
				67FA99BF2D50AD7300B4C5D1 /* PaymentDetailsController */,
				678048A62D4E47E8009222D0 /* DeliveryDateViewController */,
				67F0CA262D4E331B00484824 /* PaymentViewController */,
				67C6C1F52D4AA35800C0B529 /* SetLocationViewController */,
			);
			path = CartAndCheckoutScreens;
			sourceTree = "<group>";
		};
		67C6C1F52D4AA35800C0B529 /* SetLocationViewController */ = {
			isa = PBXGroup;
			children = (
				67C6C1F62D4AA37400C0B529 /* SetLocationViewController.swift */,
			);
			path = SetLocationViewController;
			sourceTree = "<group>";
		};
		67D4F9672D43F48500653F5A /* PasswordController */ = {
			isa = PBXGroup;
			children = (
				67FADAB52D44F41800470797 /* VerificationCodeController */,
				67D4F9752D440B3600653F5A /* SuccessPassCreation */,
				67D4F9712D44042800653F5A /* SettingNewPass */,
				67D4F96E2D43FEDC00653F5A /* ResetPassWithPhone */,
				67D4F96B2D43F86900653F5A /* ResetPassWithEmail */,
				67D4F9682D43F4B900653F5A /* ForgotPasswordController */,
			);
			path = PasswordController;
			sourceTree = "<group>";
		};
		67D4F9682D43F4B900653F5A /* ForgotPasswordController */ = {
			isa = PBXGroup;
			children = (
				67D4F9692D43F4D400653F5A /* ForgotPasswordController.swift */,
			);
			path = ForgotPasswordController;
			sourceTree = "<group>";
		};
		67D4F96B2D43F86900653F5A /* ResetPassWithEmail */ = {
			isa = PBXGroup;
			children = (
				67D4F96C2D43F87D00653F5A /* ResetPassWithEmail.swift */,
			);
			path = ResetPassWithEmail;
			sourceTree = "<group>";
		};
		67D4F96E2D43FEDC00653F5A /* ResetPassWithPhone */ = {
			isa = PBXGroup;
			children = (
				67D4F96F2D43FEEE00653F5A /* ResetPassWithPhone.swift */,
			);
			path = ResetPassWithPhone;
			sourceTree = "<group>";
		};
		67D4F9712D44042800653F5A /* SettingNewPass */ = {
			isa = PBXGroup;
			children = (
				67D4F9732D44044F00653F5A /* SettingNewPass.swift */,
			);
			path = SettingNewPass;
			sourceTree = "<group>";
		};
		67D4F9752D440B3600653F5A /* SuccessPassCreation */ = {
			isa = PBXGroup;
			children = (
				67D4F9762D440B4B00653F5A /* SuccessPassCreation.swift */,
			);
			path = SuccessPassCreation;
			sourceTree = "<group>";
		};
		67F0CA202D4E28BA00484824 /* NotificationViewController */ = {
			isa = PBXGroup;
			children = (
				67F0CA232D4E2C7B00484824 /* NotificationTableViewCell */,
				67F0CA212D4E28D400484824 /* NotificationViewController.swift */,
			);
			path = NotificationViewController;
			sourceTree = "<group>";
		};
		67F0CA232D4E2C7B00484824 /* NotificationTableViewCell */ = {
			isa = PBXGroup;
			children = (
				67F0CA242D4E2C9400484824 /* NotificationTableViewCell.swift */,
			);
			path = NotificationTableViewCell;
			sourceTree = "<group>";
		};
		67F0CA262D4E331B00484824 /* PaymentViewController */ = {
			isa = PBXGroup;
			children = (
				67F0CA292D4E36BF00484824 /* PaymentTabelViewCell */,
				67F0CA272D4E333300484824 /* PaymentViewController.swift */,
			);
			path = PaymentViewController;
			sourceTree = "<group>";
		};
		67F0CA292D4E36BF00484824 /* PaymentTabelViewCell */ = {
			isa = PBXGroup;
			children = (
				67F0CA2A2D4E36DD00484824 /* PaymentTabelViewCell.swift */,
			);
			path = PaymentTabelViewCell;
			sourceTree = "<group>";
		};
		67F4F70D2D4758B600F3EC57 /* TabBarController */ = {
			isa = PBXGroup;
			children = (
				67F4F7112D47593B00F3EC57 /* ProfileController */,
				67F4F7102D47592B00F3EC57 /* CartController */,
				67F4F70F2D47591100F3EC57 /* CategoryController */,
				67F4F70E2D4758FB00F3EC57 /* HomeController */,
				67F4F71A2D4759BF00F3EC57 /* TabBarController.swift */,
			);
			path = TabBarController;
			sourceTree = "<group>";
		};
		67F4F70E2D4758FB00F3EC57 /* HomeController */ = {
			isa = PBXGroup;
			children = (
				67FE13A72D48BA0C00046C7C /* AuthorsCollectionViewCell */,
				67FE13A42D48B11800046C7C /* TopVendorsCollectionViewCell */,
				67FE13A12D48A65A00046C7C /* TopOfWeekCollectionViewCell */,
				67B708FD2D47BA2F009FF9EE /* BannerImgCollectionViewCell */,
				67F4F7182D4759A300F3EC57 /* HomeController.swift */,
			);
			path = HomeController;
			sourceTree = "<group>";
		};
		67F4F70F2D47591100F3EC57 /* CategoryController */ = {
			isa = PBXGroup;
			children = (
				67F4F7162D47598900F3EC57 /* CategoryController.swift */,
			);
			path = CategoryController;
			sourceTree = "<group>";
		};
		67F4F7102D47592B00F3EC57 /* CartController */ = {
			isa = PBXGroup;
			children = (
				67F4F7142D47596D00F3EC57 /* CartController.swift */,
			);
			path = CartController;
			sourceTree = "<group>";
		};
		67F4F7112D47593B00F3EC57 /* ProfileController */ = {
			isa = PBXGroup;
			children = (
				67885F002D4BE6E800ED42C7 /* ProfileTableViewCell */,
				67F4F7122D47595300F3EC57 /* ProfileController.swift */,
			);
			path = ProfileController;
			sourceTree = "<group>";
		};
		67FA99B62D509E4800B4C5D1 /* SearchBarViewController */ = {
			isa = PBXGroup;
			children = (
				67FA99B92D50A58700B4C5D1 /* SearchTableViewCell */,
				67FA99B72D509E6200B4C5D1 /* SearchBarViewController.swift */,
			);
			path = SearchBarViewController;
			sourceTree = "<group>";
		};
		67FA99B92D50A58700B4C5D1 /* SearchTableViewCell */ = {
			isa = PBXGroup;
			children = (
				67FA99BA2D50A5A400B4C5D1 /* SearchTableViewCell.swift */,
			);
			path = SearchTableViewCell;
			sourceTree = "<group>";
		};
		67FA99BC2D50AA8600B4C5D1 /* EmptyNorificationController */ = {
			isa = PBXGroup;
			children = (
				67FA99BD2D50AAA900B4C5D1 /* EmptyNorificationController.swift */,
			);
			path = EmptyNorificationController;
			sourceTree = "<group>";
		};
		67FA99BF2D50AD7300B4C5D1 /* PaymentDetailsController */ = {
			isa = PBXGroup;
			children = (
				67FA99C02D50AD8A00B4C5D1 /* PaymentDetailsController.swift */,
			);
			path = PaymentDetailsController;
			sourceTree = "<group>";
		};
		67FA99C22D50B16C00B4C5D1 /* OrderDetailsViewController */ = {
			isa = PBXGroup;
			children = (
				67FA99C32D50B18300B4C5D1 /* OrderDetailsViewController.swift */,
			);
			path = OrderDetailsViewController;
			sourceTree = "<group>";
		};
		67FA99C52D50BD5000B4C5D1 /* ConfirmOrderController */ = {
			isa = PBXGroup;
			children = (
				67FA99C62D50BD6800B4C5D1 /* ConfirmOrderController.swift */,
			);
			path = ConfirmOrderController;
			sourceTree = "<group>";
		};
		67FADAB52D44F41800470797 /* VerificationCodeController */ = {
			isa = PBXGroup;
			children = (
				67FADAB62D44F42B00470797 /* VerificationCodeController.swift */,
			);
			path = VerificationCodeController;
			sourceTree = "<group>";
		};
		67FADAB92D450A6400470797 /* SuccessVerification */ = {
			isa = PBXGroup;
			children = (
				67FADABA2D450A7800470797 /* SuccessVerification.swift */,
			);
			path = SuccessVerification;
			sourceTree = "<group>";
		};
		67FE13A12D48A65A00046C7C /* TopOfWeekCollectionViewCell */ = {
			isa = PBXGroup;
			children = (
				67FE13A22D48A67500046C7C /* TopOfWeekCollectionViewCell.swift */,
			);
			path = TopOfWeekCollectionViewCell;
			sourceTree = "<group>";
		};
		67FE13A42D48B11800046C7C /* TopVendorsCollectionViewCell */ = {
			isa = PBXGroup;
			children = (
				67FE13A52D48B12C00046C7C /* TopVendorsCollectionViewCell.swift */,
			);
			path = TopVendorsCollectionViewCell;
			sourceTree = "<group>";
		};
		67FE13A72D48BA0C00046C7C /* AuthorsCollectionViewCell */ = {
			isa = PBXGroup;
			children = (
				67FE13A82D48BA2300046C7C /* AuthorsCollectionViewCell.swift */,
			);
			path = AuthorsCollectionViewCell;
			sourceTree = "<group>";
		};
		67FE13AA2D48D13600046C7C /* VendorViewController */ = {
			isa = PBXGroup;
			children = (
				67FE13B02D48F25C00046C7C /* AllVendorsCollectionViewCell */,
				67FE13AD2D48EB4600046C7C /* VendorsLblCollectionViewCell */,
				67FE13AB2D48D16300046C7C /* VendorViewController.swift */,
			);
			path = VendorViewController;
			sourceTree = "<group>";
		};
		67FE13AD2D48EB4600046C7C /* VendorsLblCollectionViewCell */ = {
			isa = PBXGroup;
			children = (
				67FE13AE2D48EB6200046C7C /* VendorsLblCollectionViewCell.swift */,
			);
			path = VendorsLblCollectionViewCell;
			sourceTree = "<group>";
		};
		67FE13B02D48F25C00046C7C /* AllVendorsCollectionViewCell */ = {
			isa = PBXGroup;
			children = (
				67FE13B12D48F27800046C7C /* AllVendorsCollectionViewCell.swift */,
			);
			path = AllVendorsCollectionViewCell;
			sourceTree = "<group>";
		};
		67FE13B32D48FE2900046C7C /* AuthorViewController */ = {
			isa = PBXGroup;
			children = (
				67FE13B62D4901B100046C7C /* AuthorDetailsTableViewCell */,
				67FE13B42D48FE4900046C7C /* AuthorViewController.swift */,
			);
			path = AuthorViewController;
			sourceTree = "<group>";
		};
		67FE13B62D4901B100046C7C /* AuthorDetailsTableViewCell */ = {
			isa = PBXGroup;
			children = (
				67FE13B72D4901D600046C7C /* AuthorDetailsTableViewCell.swift */,
			);
			path = AuthorDetailsTableViewCell;
			sourceTree = "<group>";
		};
		7E35D046C3DFE5C258E5FDD3 /* Frameworks */ = {
			isa = PBXGroup;
			children = (
				02F10F8A3C2430506DF8424D /* Pods_Bazar.framework */,
			);
			name = Frameworks;
			sourceTree = "<group>";
		};
/* End PBXGroup section */

/* Begin PBXNativeTarget section */
		674688F12D40DB5600BCFB45 /* Bazar */ = {
			isa = PBXNativeTarget;
			buildConfigurationList = 674689062D40DB5800BCFB45 /* Build configuration list for PBXNativeTarget "Bazar" */;
			buildPhases = (
				1561033FA3A3692104CF6E33 /* [CP] Check Pods Manifest.lock */,
				674688EE2D40DB5600BCFB45 /* Sources */,
				674688EF2D40DB5600BCFB45 /* Frameworks */,
				674688F02D40DB5600BCFB45 /* Resources */,
				FEE78A498CA99D6E55DE981A /* [CP] Embed Pods Frameworks */,
				B03D5DAAEA9B084B951F83F8 /* [CP] Copy Pods Resources */,
			);
			buildRules = (
			);
			dependencies = (
			);
			name = Bazar;
			productName = Bazar;
			productReference = 674688F22D40DB5600BCFB45 /* Bazar.app */;
			productType = "com.apple.product-type.application";
		};
/* End PBXNativeTarget section */

/* Begin PBXProject section */
		674688EA2D40DB5600BCFB45 /* Project object */ = {
			isa = PBXProject;
			attributes = {
				BuildIndependentTargetsInParallel = 1;
				LastSwiftUpdateCheck = 1520;
				LastUpgradeCheck = 1520;
				TargetAttributes = {
					674688F12D40DB5600BCFB45 = {
						CreatedOnToolsVersion = 15.2;
					};
				};
			};
			buildConfigurationList = 674688ED2D40DB5600BCFB45 /* Build configuration list for PBXProject "Bazar" */;
			compatibilityVersion = "Xcode 14.0";
			developmentRegion = en;
			hasScannedForEncodings = 0;
			knownRegions = (
				en,
				Base,
			);
			mainGroup = 674688E92D40DB5600BCFB45;
			productRefGroup = 674688F32D40DB5600BCFB45 /* Products */;
			projectDirPath = "";
			projectRoot = "";
			targets = (
				674688F12D40DB5600BCFB45 /* Bazar */,
			);
		};
/* End PBXProject section */

/* Begin PBXResourcesBuildPhase section */
		674688F02D40DB5600BCFB45 /* Resources */ = {
			isa = PBXResourcesBuildPhase;
			buildActionMask = 2147483647;
			files = (
				674689022D40DB5800BCFB45 /* LaunchScreen.storyboard in Resources */,
				674688FF2D40DB5800BCFB45 /* Assets.xcassets in Resources */,
				673C619B2D40E3E7008AFA7B /* Roboto-Light.ttf in Resources */,
				673C61972D40E3D3008AFA7B /* Roboto-Regular.ttf in Resources */,
				673C618F2D40E3AB008AFA7B /* Roboto-BoldItalic.ttf in Resources */,
				673C61952D40E3C9008AFA7B /* Roboto-Medium.ttf in Resources */,
				673C61992D40E3DD008AFA7B /* Roboto-Bold.ttf in Resources */,
				673C61912D40E3B5008AFA7B /* Roboto-Condensed.ttf in Resources */,
				673C61932D40E3BE008AFA7B /* Roboto-BoldCondensed.ttf in Resources */,
				673C618D2D40E39A008AFA7B /* OpenSans-Bold.ttf in Resources */,
			);
			runOnlyForDeploymentPostprocessing = 0;
		};
/* End PBXResourcesBuildPhase section */

/* Begin PBXShellScriptBuildPhase section */
		1561033FA3A3692104CF6E33 /* [CP] Check Pods Manifest.lock */ = {
			isa = PBXShellScriptBuildPhase;
			buildActionMask = 2147483647;
			files = (
			);
			inputFileListPaths = (
			);
			inputPaths = (
				"${PODS_PODFILE_DIR_PATH}/Podfile.lock",
				"${PODS_ROOT}/Manifest.lock",
			);
			name = "[CP] Check Pods Manifest.lock";
			outputFileListPaths = (
			);
			outputPaths = (
				"$(DERIVED_FILE_DIR)/Pods-Bazar-checkManifestLockResult.txt",
			);
			runOnlyForDeploymentPostprocessing = 0;
			shellPath = /bin/sh;
			shellScript = "diff \"${PODS_PODFILE_DIR_PATH}/Podfile.lock\" \"${PODS_ROOT}/Manifest.lock\" > /dev/null\nif [ $? != 0 ] ; then\n    # print error to STDERR\n    echo \"error: The sandbox is not in sync with the Podfile.lock. Run 'pod install' or update your CocoaPods installation.\" >&2\n    exit 1\nfi\n# This output is used by Xcode 'outputs' to avoid re-running this script phase.\necho \"SUCCESS\" > \"${SCRIPT_OUTPUT_FILE_0}\"\n";
			showEnvVarsInLog = 0;
		};
		B03D5DAAEA9B084B951F83F8 /* [CP] Copy Pods Resources */ = {
			isa = PBXShellScriptBuildPhase;
			buildActionMask = 2147483647;
			files = (
			);
			inputFileListPaths = (
				"${PODS_ROOT}/Target Support Files/Pods-Bazar/Pods-Bazar-resources-${CONFIGURATION}-input-files.xcfilelist",
			);
			name = "[CP] Copy Pods Resources";
			outputFileListPaths = (
				"${PODS_ROOT}/Target Support Files/Pods-Bazar/Pods-Bazar-resources-${CONFIGURATION}-output-files.xcfilelist",
			);
			runOnlyForDeploymentPostprocessing = 0;
			shellPath = /bin/sh;
			shellScript = "\"${PODS_ROOT}/Target Support Files/Pods-Bazar/Pods-Bazar-resources.sh\"\n";
			showEnvVarsInLog = 0;
		};
		FEE78A498CA99D6E55DE981A /* [CP] Embed Pods Frameworks */ = {
			isa = PBXShellScriptBuildPhase;
			buildActionMask = 2147483647;
			files = (
			);
			inputFileListPaths = (
				"${PODS_ROOT}/Target Support Files/Pods-Bazar/Pods-Bazar-frameworks-${CONFIGURATION}-input-files.xcfilelist",
			);
			name = "[CP] Embed Pods Frameworks";
			outputFileListPaths = (
				"${PODS_ROOT}/Target Support Files/Pods-Bazar/Pods-Bazar-frameworks-${CONFIGURATION}-output-files.xcfilelist",
			);
			runOnlyForDeploymentPostprocessing = 0;
			shellPath = /bin/sh;
			shellScript = "\"${PODS_ROOT}/Target Support Files/Pods-Bazar/Pods-Bazar-frameworks.sh\"\n";
			showEnvVarsInLog = 0;
		};
/* End PBXShellScriptBuildPhase section */

/* Begin PBXSourcesBuildPhase section */
		674688EE2D40DB5600BCFB45 /* Sources */ = {
			isa = PBXSourcesBuildPhase;
			buildActionMask = 2147483647;
			files = (
				67F0CA222D4E28D400484824 /* NotificationViewController.swift in Sources */,
				67124E752D4B8BF3000A683A /* HelpCenterViewController.swift in Sources */,
				674688FA2D40DB5600BCFB45 /* OnbordingViewController.swift in Sources */,
				67D4F9702D43FEEE00653F5A /* ResetPassWithPhone.swift in Sources */,
				67FA99C12D50AD8A00B4C5D1 /* PaymentDetailsController.swift in Sources */,
				67FE13B82D4901D600046C7C /* AuthorDetailsTableViewCell.swift in Sources */,
				67FA99C72D50BD6800B4C5D1 /* ConfirmOrderController.swift in Sources */,
				67FE13A32D48A67500046C7C /* TopOfWeekCollectionViewCell.swift in Sources */,
				67FADAB72D44F42B00470797 /* VerificationCodeController.swift in Sources */,
				67BB20072D4CD2E800B2D0CE /* SaveAddressCollectionViewCell.swift in Sources */,
				67C6C1F32D4A9F5700C0B529 /* CoupansCollectionViewCell.swift in Sources */,
				67885F082D4BEF7A00ED42C7 /* FavouritesTableViewCell.swift in Sources */,
				6758D9CD2D4B4E2D00CEB356 /* PromotionViewController.swift in Sources */,
				67C6C1F72D4AA37400C0B529 /* SetLocationViewController.swift in Sources */,
				678048A82D4E4803009222D0 /* DeliveryDateViewController.swift in Sources */,
				67FE13A62D48B12C00046C7C /* TopVendorsCollectionViewCell.swift in Sources */,
				67BB200A2D4CD8D400B2D0CE /* OrderHistoryViewController.swift in Sources */,
				673DC74B2D4A132700A0B856 /* ProductsCollectionViewCell.swift in Sources */,
				67F4F71B2D4759BF00F3EC57 /* TabBarController.swift in Sources */,
				673DC74E2D4A197600A0B856 /* DetailMenuViewController.swift in Sources */,
				6791CE702D4255F100835D1D /* OnbordingColelctionViewCell.swift in Sources */,
				6758D9D42D4B61D100CEB356 /* LogoutViewController.swift in Sources */,
				67D4F96D2D43F87D00653F5A /* ResetPassWithEmail.swift in Sources */,
				67F4F7172D47598900F3EC57 /* CategoryController.swift in Sources */,
				67F0CA282D4E333300484824 /* PaymentViewController.swift in Sources */,
				67BB20042D4CB8BF00B2D0CE /* AddressViewController.swift in Sources */,
				67B708FC2D477633009FF9EE /* SignUpViewController.swift in Sources */,
				67D4F9742D44044F00653F5A /* SettingNewPass.swift in Sources */,
				67D4F9772D440B4B00653F5A /* SuccessPassCreation.swift in Sources */,
				67F4F7192D4759A300F3EC57 /* HomeController.swift in Sources */,
				67F4F7152D47596D00F3EC57 /* CartController.swift in Sources */,
				67885F052D4BED5A00ED42C7 /* YourFavouriteViewController.swift in Sources */,
				67FA99B82D509E6200B4C5D1 /* SearchBarViewController.swift in Sources */,
				67FA99C42D50B18300B4C5D1 /* OrderDetailsViewController.swift in Sources */,
				67124E722D4B6B7A000A683A /* OrderStatusViewController.swift in Sources */,
				67F4F7132D47595300F3EC57 /* ProfileController.swift in Sources */,
				67FE13AF2D48EB6200046C7C /* VendorsLblCollectionViewCell.swift in Sources */,
				673FAE1B2D43B62300D463FE /* SignInViewController.swift in Sources */,
				67B708FF2D47BA53009FF9EE /* BannerImgCollectionViewCell.swift in Sources */,
				67FE13B22D48F27800046C7C /* AllVendorsCollectionViewCell.swift in Sources */,
				673DC7482D4A017500A0B856 /* AuthorsInnerPageController.swift in Sources */,
				6758D9D12D4B55BC00CEB356 /* AccountViewController.swift in Sources */,
				67F0CA252D4E2C9400484824 /* NotificationTableViewCell.swift in Sources */,
				67BB200D2D4CDE1B00B2D0CE /* OrderHistoryTabelViewCell.swift in Sources */,
				67FADABB2D450A7800470797 /* SuccessVerification.swift in Sources */,
				67FE13AC2D48D16300046C7C /* VendorViewController.swift in Sources */,
				67FA99BB2D50A5A400B4C5D1 /* SearchTableViewCell.swift in Sources */,
				67D4F96A2D43F4D400653F5A /* ForgotPasswordController.swift in Sources */,
				67885F022D4BE70900ED42C7 /* ProfileTableViewCell.swift in Sources */,
				67C6C1F02D4A9B3500C0B529 /* OrderOffersViewController.swift in Sources */,
				67FE13A92D48BA2300046C7C /* AuthorsCollectionViewCell.swift in Sources */,
				674688F62D40DB5600BCFB45 /* AppDelegate.swift in Sources */,
				67FE13B52D48FE4900046C7C /* AuthorViewController.swift in Sources */,
				67FA99BE2D50AAA900B4C5D1 /* EmptyNorificationController.swift in Sources */,
				674688F82D40DB5600BCFB45 /* SceneDelegate.swift in Sources */,
				67F0CA2B2D4E36DD00484824 /* PaymentTabelViewCell.swift in Sources */,
				673C61A02D40F633008AFA7B /* Extensions.swift in Sources */,
			);
			runOnlyForDeploymentPostprocessing = 0;
		};
/* End PBXSourcesBuildPhase section */

/* Begin PBXVariantGroup section */
		674689002D40DB5800BCFB45 /* LaunchScreen.storyboard */ = {
			isa = PBXVariantGroup;
			children = (
				674689012D40DB5800BCFB45 /* Base */,
			);
			name = LaunchScreen.storyboard;
			sourceTree = "<group>";
		};
/* End PBXVariantGroup section */

/* Begin XCBuildConfiguration section */
		674689042D40DB5800BCFB45 /* Debug */ = {
			isa = XCBuildConfiguration;
			buildSettings = {
				ALWAYS_SEARCH_USER_PATHS = NO;
				ASSETCATALOG_COMPILER_GENERATE_SWIFT_ASSET_SYMBOL_EXTENSIONS = YES;
				CLANG_ANALYZER_NONNULL = YES;
				CLANG_ANALYZER_NUMBER_OBJECT_CONVERSION = YES_AGGRESSIVE;
				CLANG_CXX_LANGUAGE_STANDARD = "gnu++20";
				CLANG_ENABLE_MODULES = YES;
				CLANG_ENABLE_OBJC_ARC = YES;
				CLANG_ENABLE_OBJC_WEAK = YES;
				CLANG_WARN_BLOCK_CAPTURE_AUTORELEASING = YES;
				CLANG_WARN_BOOL_CONVERSION = YES;
				CLANG_WARN_COMMA = YES;
				CLANG_WARN_CONSTANT_CONVERSION = YES;
				CLANG_WARN_DEPRECATED_OBJC_IMPLEMENTATIONS = YES;
				CLANG_WARN_DIRECT_OBJC_ISA_USAGE = YES_ERROR;
				CLANG_WARN_DOCUMENTATION_COMMENTS = YES;
				CLANG_WARN_EMPTY_BODY = YES;
				CLANG_WARN_ENUM_CONVERSION = YES;
				CLANG_WARN_INFINITE_RECURSION = YES;
				CLANG_WARN_INT_CONVERSION = YES;
				CLANG_WARN_NON_LITERAL_NULL_CONVERSION = YES;
				CLANG_WARN_OBJC_IMPLICIT_RETAIN_SELF = YES;
				CLANG_WARN_OBJC_LITERAL_CONVERSION = YES;
				CLANG_WARN_OBJC_ROOT_CLASS = YES_ERROR;
				CLANG_WARN_QUOTED_INCLUDE_IN_FRAMEWORK_HEADER = YES;
				CLANG_WARN_RANGE_LOOP_ANALYSIS = YES;
				CLANG_WARN_STRICT_PROTOTYPES = YES;
				CLANG_WARN_SUSPICIOUS_MOVE = YES;
				CLANG_WARN_UNGUARDED_AVAILABILITY = YES_AGGRESSIVE;
				CLANG_WARN_UNREACHABLE_CODE = YES;
				CLANG_WARN__DUPLICATE_METHOD_MATCH = YES;
				COPY_PHASE_STRIP = NO;
				DEBUG_INFORMATION_FORMAT = dwarf;
				ENABLE_STRICT_OBJC_MSGSEND = YES;
				ENABLE_TESTABILITY = YES;
				ENABLE_USER_SCRIPT_SANDBOXING = NO;
				GCC_C_LANGUAGE_STANDARD = gnu17;
				GCC_DYNAMIC_NO_PIC = NO;
				GCC_NO_COMMON_BLOCKS = YES;
				GCC_OPTIMIZATION_LEVEL = 0;
				GCC_PREPROCESSOR_DEFINITIONS = (
					"DEBUG=1",
					"$(inherited)",
				);
				GCC_WARN_64_TO_32_BIT_CONVERSION = YES;
				GCC_WARN_ABOUT_RETURN_TYPE = YES_ERROR;
				GCC_WARN_UNDECLARED_SELECTOR = YES;
				GCC_WARN_UNINITIALIZED_AUTOS = YES_AGGRESSIVE;
				GCC_WARN_UNUSED_FUNCTION = YES;
				GCC_WARN_UNUSED_VARIABLE = YES;
				IPHONEOS_DEPLOYMENT_TARGET = 17.2;
				LOCALIZATION_PREFERS_STRING_CATALOGS = YES;
				MTL_ENABLE_DEBUG_INFO = INCLUDE_SOURCE;
				MTL_FAST_MATH = YES;
				ONLY_ACTIVE_ARCH = YES;
				SDKROOT = iphoneos;
				SWIFT_ACTIVE_COMPILATION_CONDITIONS = "DEBUG $(inherited)";
				SWIFT_OPTIMIZATION_LEVEL = "-Onone";
			};
			name = Debug;
		};
		674689052D40DB5800BCFB45 /* Release */ = {
			isa = XCBuildConfiguration;
			buildSettings = {
				ALWAYS_SEARCH_USER_PATHS = NO;
				ASSETCATALOG_COMPILER_GENERATE_SWIFT_ASSET_SYMBOL_EXTENSIONS = YES;
				CLANG_ANALYZER_NONNULL = YES;
				CLANG_ANALYZER_NUMBER_OBJECT_CONVERSION = YES_AGGRESSIVE;
				CLANG_CXX_LANGUAGE_STANDARD = "gnu++20";
				CLANG_ENABLE_MODULES = YES;
				CLANG_ENABLE_OBJC_ARC = YES;
				CLANG_ENABLE_OBJC_WEAK = YES;
				CLANG_WARN_BLOCK_CAPTURE_AUTORELEASING = YES;
				CLANG_WARN_BOOL_CONVERSION = YES;
				CLANG_WARN_COMMA = YES;
				CLANG_WARN_CONSTANT_CONVERSION = YES;
				CLANG_WARN_DEPRECATED_OBJC_IMPLEMENTATIONS = YES;
				CLANG_WARN_DIRECT_OBJC_ISA_USAGE = YES_ERROR;
				CLANG_WARN_DOCUMENTATION_COMMENTS = YES;
				CLANG_WARN_EMPTY_BODY = YES;
				CLANG_WARN_ENUM_CONVERSION = YES;
				CLANG_WARN_INFINITE_RECURSION = YES;
				CLANG_WARN_INT_CONVERSION = YES;
				CLANG_WARN_NON_LITERAL_NULL_CONVERSION = YES;
				CLANG_WARN_OBJC_IMPLICIT_RETAIN_SELF = YES;
				CLANG_WARN_OBJC_LITERAL_CONVERSION = YES;
				CLANG_WARN_OBJC_ROOT_CLASS = YES_ERROR;
				CLANG_WARN_QUOTED_INCLUDE_IN_FRAMEWORK_HEADER = YES;
				CLANG_WARN_RANGE_LOOP_ANALYSIS = YES;
				CLANG_WARN_STRICT_PROTOTYPES = YES;
				CLANG_WARN_SUSPICIOUS_MOVE = YES;
				CLANG_WARN_UNGUARDED_AVAILABILITY = YES_AGGRESSIVE;
				CLANG_WARN_UNREACHABLE_CODE = YES;
				CLANG_WARN__DUPLICATE_METHOD_MATCH = YES;
				COPY_PHASE_STRIP = NO;
				DEBUG_INFORMATION_FORMAT = "dwarf-with-dsym";
				ENABLE_NS_ASSERTIONS = NO;
				ENABLE_STRICT_OBJC_MSGSEND = YES;
				ENABLE_USER_SCRIPT_SANDBOXING = NO;
				GCC_C_LANGUAGE_STANDARD = gnu17;
				GCC_NO_COMMON_BLOCKS = YES;
				GCC_WARN_64_TO_32_BIT_CONVERSION = YES;
				GCC_WARN_ABOUT_RETURN_TYPE = YES_ERROR;
				GCC_WARN_UNDECLARED_SELECTOR = YES;
				GCC_WARN_UNINITIALIZED_AUTOS = YES_AGGRESSIVE;
				GCC_WARN_UNUSED_FUNCTION = YES;
				GCC_WARN_UNUSED_VARIABLE = YES;
				IPHONEOS_DEPLOYMENT_TARGET = 17.2;
				LOCALIZATION_PREFERS_STRING_CATALOGS = YES;
				MTL_ENABLE_DEBUG_INFO = NO;
				MTL_FAST_MATH = YES;
				SDKROOT = iphoneos;
				SWIFT_COMPILATION_MODE = wholemodule;
				VALIDATE_PRODUCT = YES;
			};
			name = Release;
		};
		674689072D40DB5800BCFB45 /* Debug */ = {
			isa = XCBuildConfiguration;
			baseConfigurationReference = BFCA8855B5CECDE80EB4445E /* Pods-Bazar.debug.xcconfig */;
			buildSettings = {
				ASSETCATALOG_COMPILER_APPICON_NAME = AppIcon;
				ASSETCATALOG_COMPILER_GLOBAL_ACCENT_COLOR_NAME = AccentColor;
				CODE_SIGN_ENTITLEMENTS = Bazar/Bazar.entitlements;
				CODE_SIGN_STYLE = Automatic;
				CURRENT_PROJECT_VERSION = 1;
				DEVELOPMENT_TEAM = G99QAZBHL2;
				GENERATE_INFOPLIST_FILE = YES;
				INFOPLIST_FILE = Bazar/Info.plist;
				INFOPLIST_KEY_UIApplicationSupportsIndirectInputEvents = YES;
				INFOPLIST_KEY_UILaunchStoryboardName = LaunchScreen;
				INFOPLIST_KEY_UISupportedInterfaceOrientations = "UIInterfaceOrientationLandscapeLeft UIInterfaceOrientationLandscapeRight UIInterfaceOrientationPortrait";
				INFOPLIST_KEY_UISupportedInterfaceOrientations_iPad = "UIInterfaceOrientationLandscapeLeft UIInterfaceOrientationLandscapeRight UIInterfaceOrientationPortrait UIInterfaceOrientationPortraitUpsideDown";
				IPHONEOS_DEPLOYMENT_TARGET = 16.0;
				LD_RUNPATH_SEARCH_PATHS = (
					"$(inherited)",
					"@executable_path/Frameworks",
				);
				MARKETING_VERSION = 1.0;
				PRODUCT_BUNDLE_IDENTIFIER = com.dinosoftlab.bazar;
				PRODUCT_NAME = "$(TARGET_NAME)";
				SUPPORTED_PLATFORMS = "iphoneos iphonesimulator";
				SUPPORTS_MACCATALYST = NO;
				SWIFT_EMIT_LOC_STRINGS = YES;
				SWIFT_VERSION = 5.0;
				TARGETED_DEVICE_FAMILY = "1,2";
			};
			name = Debug;
		};
		674689082D40DB5800BCFB45 /* Release */ = {
			isa = XCBuildConfiguration;
			baseConfigurationReference = 3D103C6B0776DC278B541A9F /* Pods-Bazar.release.xcconfig */;
			buildSettings = {
				ASSETCATALOG_COMPILER_APPICON_NAME = AppIcon;
				ASSETCATALOG_COMPILER_GLOBAL_ACCENT_COLOR_NAME = AccentColor;
				CODE_SIGN_ENTITLEMENTS = Bazar/Bazar.entitlements;
				CODE_SIGN_STYLE = Automatic;
				CURRENT_PROJECT_VERSION = 1;
				DEVELOPMENT_TEAM = G99QAZBHL2;
				GENERATE_INFOPLIST_FILE = YES;
				INFOPLIST_FILE = Bazar/Info.plist;
				INFOPLIST_KEY_UIApplicationSupportsIndirectInputEvents = YES;
				INFOPLIST_KEY_UILaunchStoryboardName = LaunchScreen;
				INFOPLIST_KEY_UISupportedInterfaceOrientations = "UIInterfaceOrientationLandscapeLeft UIInterfaceOrientationLandscapeRight UIInterfaceOrientationPortrait";
				INFOPLIST_KEY_UISupportedInterfaceOrientations_iPad = "UIInterfaceOrientationLandscapeLeft UIInterfaceOrientationLandscapeRight UIInterfaceOrientationPortrait UIInterfaceOrientationPortraitUpsideDown";
				IPHONEOS_DEPLOYMENT_TARGET = 16.0;
				LD_RUNPATH_SEARCH_PATHS = (
					"$(inherited)",
					"@executable_path/Frameworks",
				);
				MARKETING_VERSION = 1.0;
				PRODUCT_BUNDLE_IDENTIFIER = com.dinosoftlab.bazar;
				PRODUCT_NAME = "$(TARGET_NAME)";
				SUPPORTED_PLATFORMS = "iphoneos iphonesimulator";
				SUPPORTS_MACCATALYST = NO;
				SWIFT_EMIT_LOC_STRINGS = YES;
				SWIFT_VERSION = 5.0;
				TARGETED_DEVICE_FAMILY = "1,2";
			};
			name = Release;
		};
/* End XCBuildConfiguration section */

/* Begin XCConfigurationList section */
		674688ED2D40DB5600BCFB45 /* Build configuration list for PBXProject "Bazar" */ = {
			isa = XCConfigurationList;
			buildConfigurations = (
				674689042D40DB5800BCFB45 /* Debug */,
				674689052D40DB5800BCFB45 /* Release */,
			);
			defaultConfigurationIsVisible = 0;
			defaultConfigurationName = Release;
		};
		674689062D40DB5800BCFB45 /* Build configuration list for PBXNativeTarget "Bazar" */ = {
			isa = XCConfigurationList;
			buildConfigurations = (
				674689072D40DB5800BCFB45 /* Debug */,
				674689082D40DB5800BCFB45 /* Release */,
			);
			defaultConfigurationIsVisible = 0;
			defaultConfigurationName = Release;
		};
/* End XCConfigurationList section */
	};
	rootObject = 674688EA2D40DB5600BCFB45 /* Project object */;
}
